
Microsoft Visual Studio Solution File, Format Version 12.00
# Visual Studio Version 17
VisualStudioVersion = 17.1.32228.430
MinimumVisualStudioVersion = 10.0.40219.1
Project("{9A19103F-16F7-4668-BE54-9A1E7A4F7556}") = "bridgemilescorenet", "bridgemilescorenet.csproj", "{C8955539-D37E-409C-B17B-3EDC543674D6}"
EndProject
Project("{9A19103F-16F7-4668-BE54-9A1E7A4F7556}") = "Metronic", "src\OrchardCore.Themes\Metronic\Metronic.csproj", "{DFE38C55-900E-4416-9908-79305F04019B}"
EndProject
Project("{2150E333-8FDC-42A3-9474-1A3956D46DE8}") = "OrchardCore.Themes", "OrchardCore.Themes", "{764153A7-4CC4-4BB8-B87E-545DECDDE9D9}"
EndProject
Project("{9A19103F-16F7-4668-BE54-9A1E7A4F7556}") = "Bridgemiles.Core.Net.Menu", "src\OrchardCore.Modules\Bridgemiles.Core.Net.Menu\Bridgemiles.Core.Net.Menu.csproj", "{1A3A42BA-7323-4B89-BEA5-CF45BBB8FA6F}"
EndProject
Project("{2150E333-8FDC-42A3-9474-1A3956D46DE8}") = "OrchardCore.Modules", "OrchardCore.Modules", "{2CD77B6B-0D2B-4277-80FC-CB1177AB1EA5}"
EndProject
Project("{9A19103F-16F7-4668-BE54-9A1E7A4F7556}") = "Lombiq.HelpfulExtensions", "src\Modules\Lombiq.HelpfulExtensions\Lombiq.HelpfulExtensions.csproj", "{4C76C918-5974-4120-8768-7B6650618E24}"
EndProject
Project("{2150E333-8FDC-42A3-9474-1A3956D46DE8}") = "Modules", "Modules", "{826BADA7-76AD-4E59-8B54-7D50AD62A2BE}"
EndProject
Project("{2150E333-8FDC-42A3-9474-1A3956D46DE8}") = "Libraries", "Libraries", "{84F75BFB-7ED0-49DD-8167-471A63BFFE76}"
EndProject
Project("{9A19103F-16F7-4668-BE54-9A1E7A4F7556}") = "Lombiq.HelpfulLibraries", "src\Libraries\Lombiq.HelpfulLibraries\Lombiq.HelpfulLibraries\Lombiq.HelpfulLibraries.csproj", "{0BC34C68-9331-4C88-99D9-1309D2E1F2D8}"
EndProject
Project("{9A19103F-16F7-4668-BE54-9A1E7A4F7556}") = "Lombiq.HelpfulLibraries.AspNetCore", "src\Libraries\Lombiq.HelpfulLibraries\Lombiq.HelpfulLibraries.AspNetCore\Lombiq.HelpfulLibraries.AspNetCore.csproj", "{54B1B9D0-ED82-44F3-BD0B-17B00639C845}"
EndProject
Project("{9A19103F-16F7-4668-BE54-9A1E7A4F7556}") = "Lombiq.HelpfulLibraries.Cli", "src\Libraries\Lombiq.HelpfulLibraries\Lombiq.HelpfulLibraries.Cli\Lombiq.HelpfulLibraries.Cli.csproj", "{1D898101-9C29-4CA7-ABED-A47EA064A256}"
EndProject
Project("{9A19103F-16F7-4668-BE54-9A1E7A4F7556}") = "Lombiq.HelpfulLibraries.Common", "src\Libraries\Lombiq.HelpfulLibraries\Lombiq.HelpfulLibraries.Common\Lombiq.HelpfulLibraries.Common.csproj", "{FEDE9A57-FE40-4B41-9501-87FC8217A6F9}"
EndProject
Project("{9A19103F-16F7-4668-BE54-9A1E7A4F7556}") = "Lombiq.HelpfulLibraries.LinqToDb", "src\Libraries\Lombiq.HelpfulLibraries\Lombiq.HelpfulLibraries.LinqToDb\Lombiq.HelpfulLibraries.LinqToDb.csproj", "{2BC5C52C-A7A2-4FCB-9946-15868BFA58AF}"
EndProject
Project("{9A19103F-16F7-4668-BE54-9A1E7A4F7556}") = "Lombiq.HelpfulLibraries.OrchardCore", "src\Libraries\Lombiq.HelpfulLibraries\Lombiq.HelpfulLibraries.OrchardCore\Lombiq.HelpfulLibraries.OrchardCore.csproj", "{C3064C6C-FD1C-4217-B285-E59CA6FBDEFB}"
EndProject
Project("{9A19103F-16F7-4668-BE54-9A1E7A4F7556}") = "Lombiq.HelpfulLibraries.OrchardCore.Testing", "src\Libraries\Lombiq.HelpfulLibraries\Lombiq.HelpfulLibraries.OrchardCore.Testing\Lombiq.HelpfulLibraries.OrchardCore.Testing.csproj", "{F1D0094B-A647-490D-9B80-DF167FF70C7A}"
EndProject
Project("{9A19103F-16F7-4668-BE54-9A1E7A4F7556}") = "Lombiq.HelpfulLibraries.RestEase", "src\Libraries\Lombiq.HelpfulLibraries\Lombiq.HelpfulLibraries.RestEase\Lombiq.HelpfulLibraries.RestEase.csproj", "{051414FF-D7B6-45F0-A7D8-E6C93BAA3EB4}"
EndProject
Project("{9A19103F-16F7-4668-BE54-9A1E7A4F7556}") = "Lombiq.HelpfulLibraries.Samples", "src\Libraries\Lombiq.HelpfulLibraries\Lombiq.HelpfulLibraries.Samples\Lombiq.HelpfulLibraries.Samples.csproj", "{E06A7631-6A42-45EF-A5D2-9128908B3252}"
EndProject
Project("{9A19103F-16F7-4668-BE54-9A1E7A4F7556}") = "Lombiq.HelpfulLibraries.Tests", "src\Libraries\Lombiq.HelpfulLibraries\Lombiq.HelpfulLibraries.Tests\Lombiq.HelpfulLibraries.Tests.csproj", "{D8FA17C4-E605-4029-85D9-705B499460B3}"
EndProject
Project("{9A19103F-16F7-4668-BE54-9A1E7A4F7556}") = "Bridgemiles.Core.Net.LandingHero", "src\OrchardCore.Modules\Bridgemiles.Core.Net.LandingHero\Bridgemiles.Core.Net.LandingHero.csproj", "{D859BD6A-3D6A-451A-800C-461498B3D866}"
EndProject
Project("{9A19103F-16F7-4668-BE54-9A1E7A4F7556}") = "Starterkit", "src\asp.net-core_demo1\Starterkit\Starterkit.csproj", "{559B74B6-4899-47FD-B91F-BBD8424126EA}"
EndProject
Project("{9A19103F-16F7-4668-BE54-9A1E7A4F7556}") = "Bridgemiles.Core.Net.Toolbar", "src\OrchardCore.Modules\Bridgemiles.Core.Net.Toolbar\Bridgemiles.Core.Net.Toolbar.csproj", "{91477DAC-A964-4125-B0D8-441F93EB9B28}"
EndProject
Project("{9A19103F-16F7-4668-BE54-9A1E7A4F7556}") = "Bridgemiles.Core.Net.Logo", "src\OrchardCore.Modules\Bridgemiles.Core.Net.Logo\Bridgemiles.Core.Net.Logo.csproj", "{4AFF8327-3FCB-414C-8B78-22A8C1C10489}"
EndProject
Project("{9A19103F-16F7-4668-BE54-9A1E7A4F7556}") = "Bridgemiles.Core.Net.HowItWorks", "src\OrchardCore.Modules\Bridgemiles.Core.Net.HowItWorks\Bridgemiles.Core.Net.HowItWorks.csproj", "{8273FB03-9094-4545-9A36-3FABFE9EBBCB}"
EndProject
Project("{9A19103F-16F7-4668-BE54-9A1E7A4F7556}") = "Bridgemiles.Core.Net.Story", "src\OrchardCore.Modules\Bridgemiles.Core.Net.Story\Bridgemiles.Core.Net.Story.csproj", "{0B34DEE9-D57D-429B-A668-658E9B3C58A7}"
EndProject
Project("{9A19103F-16F7-4668-BE54-9A1E7A4F7556}") = "Bridgemiles.Core.Net.Statistics", "src\OrchardCore.Modules\Bridgemiles.Core.Net.Statistics\Bridgemiles.Core.Net.Statistics.csproj", "{AF91E308-E2D5-4D6C-B14C-335FC6885F7A}"
EndProject
Project("{9A19103F-16F7-4668-BE54-9A1E7A4F7556}") = "Bridgemiles.Core.Net.TeamSection", "src\OrchardCore.Modules\Bridgemiles.Core.Net.TeamSection\Bridgemiles.Core.Net.TeamSection.csproj", "{43C01ACD-1856-44A6-A76C-78828D5D67ED}"
EndProject
Project("{9A19103F-16F7-4668-BE54-9A1E7A4F7556}") = "Bridgemiles.Core.Net.ProjectSection", "src\OrchardCore.Modules\Bridgemiles.Core.Net.ProjectSection\Bridgemiles.Core.Net.ProjectSection.csproj", "{6AEBF3B7-F313-49F5-A070-11AE2AACD63A}"
EndProject
Project("{9A19103F-16F7-4668-BE54-9A1E7A4F7556}") = "Bridgemiles.Core.Net.Session", "src\OrchardCore.Modules\Bridgemiles.Core.Net.Session\Bridgemiles.Core.Net.Session.csproj", "{4AE801C9-8BB0-4B7C-BEEF-A021868DBC91}"
EndProject
Project("{9A19103F-16F7-4668-BE54-9A1E7A4F7556}") = "Bridgemiles.Core.Net.SessionList", "src\OrchardCore.Modules\Bridgemiles.Core.Net.SessionList\Bridgemiles.Core.Net.SessionList.csproj", "{CE516702-1123-4A88-8BF4-9B0098853330}"
EndProject
Global
	GlobalSection(SolutionConfigurationPlatforms) = preSolution
		Debug|Any CPU = Debug|Any CPU
		Release|Any CPU = Release|Any CPU
	EndGlobalSection
	GlobalSection(ProjectConfigurationPlatforms) = postSolution
		{C8955539-D37E-409C-B17B-3EDC543674D6}.Debug|Any CPU.ActiveCfg = Debug|Any CPU
		{C8955539-D37E-409C-B17B-3EDC543674D6}.Debug|Any CPU.Build.0 = Debug|Any CPU
		{C8955539-D37E-409C-B17B-3EDC543674D6}.Release|Any CPU.ActiveCfg = Release|Any CPU
		{C8955539-D37E-409C-B17B-3EDC543674D6}.Release|Any CPU.Build.0 = Release|Any CPU
		{DFE38C55-900E-4416-9908-79305F04019B}.Debug|Any CPU.ActiveCfg = Debug|Any CPU
		{DFE38C55-900E-4416-9908-79305F04019B}.Debug|Any CPU.Build.0 = Debug|Any CPU
		{DFE38C55-900E-4416-9908-79305F04019B}.Release|Any CPU.ActiveCfg = Release|Any CPU
		{DFE38C55-900E-4416-9908-79305F04019B}.Release|Any CPU.Build.0 = Release|Any CPU
		{1A3A42BA-7323-4B89-BEA5-CF45BBB8FA6F}.Debug|Any CPU.ActiveCfg = Debug|Any CPU
		{1A3A42BA-7323-4B89-BEA5-CF45BBB8FA6F}.Debug|Any CPU.Build.0 = Debug|Any CPU
		{1A3A42BA-7323-4B89-BEA5-CF45BBB8FA6F}.Release|Any CPU.ActiveCfg = Release|Any CPU
		{1A3A42BA-7323-4B89-BEA5-CF45BBB8FA6F}.Release|Any CPU.Build.0 = Release|Any CPU
		{4C76C918-5974-4120-8768-7B6650618E24}.Debug|Any CPU.ActiveCfg = Debug|Any CPU
		{4C76C918-5974-4120-8768-7B6650618E24}.Debug|Any CPU.Build.0 = Debug|Any CPU
		{4C76C918-5974-4120-8768-7B6650618E24}.Release|Any CPU.ActiveCfg = Release|Any CPU
		{4C76C918-5974-4120-8768-7B6650618E24}.Release|Any CPU.Build.0 = Release|Any CPU
		{0BC34C68-9331-4C88-99D9-1309D2E1F2D8}.Debug|Any CPU.ActiveCfg = Debug|Any CPU
		{0BC34C68-9331-4C88-99D9-1309D2E1F2D8}.Debug|Any CPU.Build.0 = Debug|Any CPU
		{0BC34C68-9331-4C88-99D9-1309D2E1F2D8}.Release|Any CPU.ActiveCfg = Release|Any CPU
		{0BC34C68-9331-4C88-99D9-1309D2E1F2D8}.Release|Any CPU.Build.0 = Release|Any CPU
		{54B1B9D0-ED82-44F3-BD0B-17B00639C845}.Debug|Any CPU.ActiveCfg = Debug|Any CPU
		{54B1B9D0-ED82-44F3-BD0B-17B00639C845}.Debug|Any CPU.Build.0 = Debug|Any CPU
		{54B1B9D0-ED82-44F3-BD0B-17B00639C845}.Release|Any CPU.ActiveCfg = Release|Any CPU
		{54B1B9D0-ED82-44F3-BD0B-17B00639C845}.Release|Any CPU.Build.0 = Release|Any CPU
		{1D898101-9C29-4CA7-ABED-A47EA064A256}.Debug|Any CPU.ActiveCfg = Debug|Any CPU
		{1D898101-9C29-4CA7-ABED-A47EA064A256}.Debug|Any CPU.Build.0 = Debug|Any CPU
		{1D898101-9C29-4CA7-ABED-A47EA064A256}.Release|Any CPU.ActiveCfg = Release|Any CPU
		{1D898101-9C29-4CA7-ABED-A47EA064A256}.Release|Any CPU.Build.0 = Release|Any CPU
		{FEDE9A57-FE40-4B41-9501-87FC8217A6F9}.Debug|Any CPU.ActiveCfg = Debug|Any CPU
		{FEDE9A57-FE40-4B41-9501-87FC8217A6F9}.Debug|Any CPU.Build.0 = Debug|Any CPU
		{FEDE9A57-FE40-4B41-9501-87FC8217A6F9}.Release|Any CPU.ActiveCfg = Release|Any CPU
		{FEDE9A57-FE40-4B41-9501-87FC8217A6F9}.Release|Any CPU.Build.0 = Release|Any CPU
		{2BC5C52C-A7A2-4FCB-9946-15868BFA58AF}.Debug|Any CPU.ActiveCfg = Debug|Any CPU
		{2BC5C52C-A7A2-4FCB-9946-15868BFA58AF}.Debug|Any CPU.Build.0 = Debug|Any CPU
		{2BC5C52C-A7A2-4FCB-9946-15868BFA58AF}.Release|Any CPU.ActiveCfg = Release|Any CPU
		{2BC5C52C-A7A2-4FCB-9946-15868BFA58AF}.Release|Any CPU.Build.0 = Release|Any CPU
		{C3064C6C-FD1C-4217-B285-E59CA6FBDEFB}.Debug|Any CPU.ActiveCfg = Debug|Any CPU
		{C3064C6C-FD1C-4217-B285-E59CA6FBDEFB}.Debug|Any CPU.Build.0 = Debug|Any CPU
		{C3064C6C-FD1C-4217-B285-E59CA6FBDEFB}.Release|Any CPU.ActiveCfg = Release|Any CPU
		{C3064C6C-FD1C-4217-B285-E59CA6FBDEFB}.Release|Any CPU.Build.0 = Release|Any CPU
		{F1D0094B-A647-490D-9B80-DF167FF70C7A}.Debug|Any CPU.ActiveCfg = Debug|Any CPU
		{F1D0094B-A647-490D-9B80-DF167FF70C7A}.Debug|Any CPU.Build.0 = Debug|Any CPU
		{F1D0094B-A647-490D-9B80-DF167FF70C7A}.Release|Any CPU.ActiveCfg = Release|Any CPU
		{F1D0094B-A647-490D-9B80-DF167FF70C7A}.Release|Any CPU.Build.0 = Release|Any CPU
		{051414FF-D7B6-45F0-A7D8-E6C93BAA3EB4}.Debug|Any CPU.ActiveCfg = Debug|Any CPU
		{051414FF-D7B6-45F0-A7D8-E6C93BAA3EB4}.Debug|Any CPU.Build.0 = Debug|Any CPU
		{051414FF-D7B6-45F0-A7D8-E6C93BAA3EB4}.Release|Any CPU.ActiveCfg = Release|Any CPU
		{051414FF-D7B6-45F0-A7D8-E6C93BAA3EB4}.Release|Any CPU.Build.0 = Release|Any CPU
		{E06A7631-6A42-45EF-A5D2-9128908B3252}.Debug|Any CPU.ActiveCfg = Debug|Any CPU
		{E06A7631-6A42-45EF-A5D2-9128908B3252}.Debug|Any CPU.Build.0 = Debug|Any CPU
		{E06A7631-6A42-45EF-A5D2-9128908B3252}.Release|Any CPU.ActiveCfg = Release|Any CPU
		{E06A7631-6A42-45EF-A5D2-9128908B3252}.Release|Any CPU.Build.0 = Release|Any CPU
		{D8FA17C4-E605-4029-85D9-705B499460B3}.Debug|Any CPU.ActiveCfg = Debug|Any CPU
		{D8FA17C4-E605-4029-85D9-705B499460B3}.Debug|Any CPU.Build.0 = Debug|Any CPU
		{D8FA17C4-E605-4029-85D9-705B499460B3}.Release|Any CPU.ActiveCfg = Release|Any CPU
		{D8FA17C4-E605-4029-85D9-705B499460B3}.Release|Any CPU.Build.0 = Release|Any CPU
		{D859BD6A-3D6A-451A-800C-461498B3D866}.Debug|Any CPU.ActiveCfg = Debug|Any CPU
		{D859BD6A-3D6A-451A-800C-461498B3D866}.Debug|Any CPU.Build.0 = Debug|Any CPU
		{D859BD6A-3D6A-451A-800C-461498B3D866}.Release|Any CPU.ActiveCfg = Release|Any CPU
		{D859BD6A-3D6A-451A-800C-461498B3D866}.Release|Any CPU.Build.0 = Release|Any CPU
		{559B74B6-4899-47FD-B91F-BBD8424126EA}.Debug|Any CPU.ActiveCfg = Debug|Any CPU
		{559B74B6-4899-47FD-B91F-BBD8424126EA}.Debug|Any CPU.Build.0 = Debug|Any CPU
		{559B74B6-4899-47FD-B91F-BBD8424126EA}.Release|Any CPU.ActiveCfg = Release|Any CPU
		{559B74B6-4899-47FD-B91F-BBD8424126EA}.Release|Any CPU.Build.0 = Release|Any CPU
		{91477DAC-A964-4125-B0D8-441F93EB9B28}.Debug|Any CPU.ActiveCfg = Debug|Any CPU
		{91477DAC-A964-4125-B0D8-441F93EB9B28}.Debug|Any CPU.Build.0 = Debug|Any CPU
		{91477DAC-A964-4125-B0D8-441F93EB9B28}.Release|Any CPU.ActiveCfg = Release|Any CPU
		{91477DAC-A964-4125-B0D8-441F93EB9B28}.Release|Any CPU.Build.0 = Release|Any CPU
		{4AFF8327-3FCB-414C-8B78-22A8C1C10489}.Debug|Any CPU.ActiveCfg = Debug|Any CPU
		{4AFF8327-3FCB-414C-8B78-22A8C1C10489}.Debug|Any CPU.Build.0 = Debug|Any CPU
		{4AFF8327-3FCB-414C-8B78-22A8C1C10489}.Release|Any CPU.ActiveCfg = Release|Any CPU
		{4AFF8327-3FCB-414C-8B78-22A8C1C10489}.Release|Any CPU.Build.0 = Release|Any CPU
		{8273FB03-9094-4545-9A36-3FABFE9EBBCB}.Debug|Any CPU.ActiveCfg = Debug|Any CPU
		{8273FB03-9094-4545-9A36-3FABFE9EBBCB}.Debug|Any CPU.Build.0 = Debug|Any CPU
		{8273FB03-9094-4545-9A36-3FABFE9EBBCB}.Release|Any CPU.ActiveCfg = Release|Any CPU
		{8273FB03-9094-4545-9A36-3FABFE9EBBCB}.Release|Any CPU.Build.0 = Release|Any CPU
		{0B34DEE9-D57D-429B-A668-658E9B3C58A7}.Debug|Any CPU.ActiveCfg = Debug|Any CPU
		{0B34DEE9-D57D-429B-A668-658E9B3C58A7}.Debug|Any CPU.Build.0 = Debug|Any CPU
		{0B34DEE9-D57D-429B-A668-658E9B3C58A7}.Release|Any CPU.ActiveCfg = Release|Any CPU
		{0B34DEE9-D57D-429B-A668-658E9B3C58A7}.Release|Any CPU.Build.0 = Release|Any CPU
		{AF91E308-E2D5-4D6C-B14C-335FC6885F7A}.Debug|Any CPU.ActiveCfg = Debug|Any CPU
		{AF91E308-E2D5-4D6C-B14C-335FC6885F7A}.Debug|Any CPU.Build.0 = Debug|Any CPU
		{AF91E308-E2D5-4D6C-B14C-335FC6885F7A}.Release|Any CPU.ActiveCfg = Release|Any CPU
		{AF91E308-E2D5-4D6C-B14C-335FC6885F7A}.Release|Any CPU.Build.0 = Release|Any CPU
		{43C01ACD-1856-44A6-A76C-78828D5D67ED}.Debug|Any CPU.ActiveCfg = Debug|Any CPU
		{43C01ACD-1856-44A6-A76C-78828D5D67ED}.Debug|Any CPU.Build.0 = Debug|Any CPU
		{43C01ACD-1856-44A6-A76C-78828D5D67ED}.Release|Any CPU.ActiveCfg = Release|Any CPU
		{43C01ACD-1856-44A6-A76C-78828D5D67ED}.Release|Any CPU.Build.0 = Release|Any CPU
		{6AEBF3B7-F313-49F5-A070-11AE2AACD63A}.Debug|Any CPU.ActiveCfg = Debug|Any CPU
		{6AEBF3B7-F313-49F5-A070-11AE2AACD63A}.Debug|Any CPU.Build.0 = Debug|Any CPU
		{6AEBF3B7-F313-49F5-A070-11AE2AACD63A}.Release|Any CPU.ActiveCfg = Release|Any CPU
		{6AEBF3B7-F313-49F5-A070-11AE2AACD63A}.Release|Any CPU.Build.0 = Release|Any CPU
		{4AE801C9-8BB0-4B7C-BEEF-A021868DBC91}.Debug|Any CPU.ActiveCfg = Debug|Any CPU
		{4AE801C9-8BB0-4B7C-BEEF-A021868DBC91}.Debug|Any CPU.Build.0 = Debug|Any CPU
		{4AE801C9-8BB0-4B7C-BEEF-A021868DBC91}.Release|Any CPU.ActiveCfg = Release|Any CPU
		{4AE801C9-8BB0-4B7C-BEEF-A021868DBC91}.Release|Any CPU.Build.0 = Release|Any CPU
		{CE516702-1123-4A88-8BF4-9B0098853330}.Debug|Any CPU.ActiveCfg = Debug|Any CPU
		{CE516702-1123-4A88-8BF4-9B0098853330}.Debug|Any CPU.Build.0 = Debug|Any CPU
		{CE516702-1123-4A88-8BF4-9B0098853330}.Release|Any CPU.ActiveCfg = Release|Any CPU
		{CE516702-1123-4A88-8BF4-9B0098853330}.Release|Any CPU.Build.0 = Release|Any CPU
	EndGlobalSection
	GlobalSection(SolutionProperties) = preSolution
		HideSolutionNode = FALSE
	EndGlobalSection
	GlobalSection(NestedProjects) = preSolution
		{DFE38C55-900E-4416-9908-79305F04019B} = {764153A7-4CC4-4BB8-B87E-545DECDDE9D9}
		{1A3A42BA-7323-4B89-BEA5-CF45BBB8FA6F} = {2CD77B6B-0D2B-4277-80FC-CB1177AB1EA5}
		{4C76C918-5974-4120-8768-7B6650618E24} = {826BADA7-76AD-4E59-8B54-7D50AD62A2BE}
		{0BC34C68-9331-4C88-99D9-1309D2E1F2D8} = {84F75BFB-7ED0-49DD-8167-471A63BFFE76}
		{54B1B9D0-ED82-44F3-BD0B-17B00639C845} = {84F75BFB-7ED0-49DD-8167-471A63BFFE76}
		{1D898101-9C29-4CA7-ABED-A47EA064A256} = {84F75BFB-7ED0-49DD-8167-471A63BFFE76}
		{FEDE9A57-FE40-4B41-9501-87FC8217A6F9} = {84F75BFB-7ED0-49DD-8167-471A63BFFE76}
		{2BC5C52C-A7A2-4FCB-9946-15868BFA58AF} = {84F75BFB-7ED0-49DD-8167-471A63BFFE76}
		{C3064C6C-FD1C-4217-B285-E59CA6FBDEFB} = {84F75BFB-7ED0-49DD-8167-471A63BFFE76}
		{F1D0094B-A647-490D-9B80-DF167FF70C7A} = {84F75BFB-7ED0-49DD-8167-471A63BFFE76}
		{051414FF-D7B6-45F0-A7D8-E6C93BAA3EB4} = {84F75BFB-7ED0-49DD-8167-471A63BFFE76}
		{E06A7631-6A42-45EF-A5D2-9128908B3252} = {84F75BFB-7ED0-49DD-8167-471A63BFFE76}
		{D8FA17C4-E605-4029-85D9-705B499460B3} = {84F75BFB-7ED0-49DD-8167-471A63BFFE76}
		{D859BD6A-3D6A-451A-800C-461498B3D866} = {2CD77B6B-0D2B-4277-80FC-CB1177AB1EA5}
		{91477DAC-A964-4125-B0D8-441F93EB9B28} = {2CD77B6B-0D2B-4277-80FC-CB1177AB1EA5}
		{4AFF8327-3FCB-414C-8B78-22A8C1C10489} = {2CD77B6B-0D2B-4277-80FC-CB1177AB1EA5}
		{8273FB03-9094-4545-9A36-3FABFE9EBBCB} = {2CD77B6B-0D2B-4277-80FC-CB1177AB1EA5}
		{0B34DEE9-D57D-429B-A668-658E9B3C58A7} = {2CD77B6B-0D2B-4277-80FC-CB1177AB1EA5}
		{AF91E308-E2D5-4D6C-B14C-335FC6885F7A} = {2CD77B6B-0D2B-4277-80FC-CB1177AB1EA5}
		{43C01ACD-1856-44A6-A76C-78828D5D67ED} = {2CD77B6B-0D2B-4277-80FC-CB1177AB1EA5}
		{6AEBF3B7-F313-49F5-A070-11AE2AACD63A} = {2CD77B6B-0D2B-4277-80FC-CB1177AB1EA5}
		{4AE801C9-8BB0-4B7C-BEEF-A021868DBC91} = {2CD77B6B-0D2B-4277-80FC-CB1177AB1EA5}
		{CE516702-1123-4A88-8BF4-9B0098853330} = {2CD77B6B-0D2B-4277-80FC-CB1177AB1EA5}
	EndGlobalSection
	GlobalSection(ExtensibilityGlobals) = postSolution
		SolutionGuid = {795952F4-2004-4606-BFFC-858D76FAE879}
	EndGlobalSection
EndGlobal
